// !$*UTF8*$!
{
	archiveVersion = 1;
	classes = {
	};
	objectVersion = 46;
	objects = {

/* Begin PBXBuildFile section */
		6D0CB4DC707257B09A73E6F9 /* Pods_On_The_FlyTests.framework in Frameworks */ = {isa = PBXBuildFile; fileRef = 9626DE2D45498C5E6EC5474B /* Pods_On_The_FlyTests.framework */; };
		83FE4927AA4B87730C1FD220 /* Pods_On_The_FlyUITests.framework in Frameworks */ = {isa = PBXBuildFile; fileRef = 165258976A76E9DAAB156DE2 /* Pods_On_The_FlyUITests.framework */; };
		C302D8A21E3721F100CB2B54 /* Utilities.swift in Sources */ = {isa = PBXBuildFile; fileRef = C302D8A11E3721F100CB2B54 /* Utilities.swift */; };
		C303D83D1E62178200A8DBBF /* WiggleUICollectionView.swift in Sources */ = {isa = PBXBuildFile; fileRef = C303D83C1E62178200A8DBBF /* WiggleUICollectionView.swift */; };
		C30757901E501E0700DFD493 /* UpcomingFlightTableViewCell.swift in Sources */ = {isa = PBXBuildFile; fileRef = C307578F1E501E0700DFD493 /* UpcomingFlightTableViewCell.swift */; };
		C3174EF81E5B931F009C2545 /* PassengerCollectionViewCell.swift in Sources */ = {isa = PBXBuildFile; fileRef = C3174EF71E5B931F009C2545 /* PassengerCollectionViewCell.swift */; };
		C3174EFF1E5BCF5C009C2545 /* CargoViewController.swift in Sources */ = {isa = PBXBuildFile; fileRef = C3174EFE1E5BCF5C009C2545 /* CargoViewController.swift */; };
		C33B9CA61E38671500AF47A6 /* CreateNewFlightViewController.swift in Sources */ = {isa = PBXBuildFile; fileRef = C33B9CA51E38671500AF47A6 /* CreateNewFlightViewController.swift */; };
		C35D35351E42880E0047962C /* GoogleService-Info.plist in Resources */ = {isa = PBXBuildFile; fileRef = C35D35341E42880E0047962C /* GoogleService-Info.plist */; };
		C35FBA3E1E3AED3700A53888 /* ReportGenerationViewController.swift in Sources */ = {isa = PBXBuildFile; fileRef = C35FBA3D1E3AED3700A53888 /* ReportGenerationViewController.swift */; };
		C35FBA401E3AF97700A53888 /* CheckboxButton.swift in Sources */ = {isa = PBXBuildFile; fileRef = C35FBA3F1E3AF97700A53888 /* CheckboxButton.swift */; };
		C36CAD111E3906EC008C685E /* CreateAccountViewController.swift in Sources */ = {isa = PBXBuildFile; fileRef = C36CAD101E3906EC008C685E /* CreateAccountViewController.swift */; };
		C36CAD131E390E9F008C685E /* EditFlightViewController.swift in Sources */ = {isa = PBXBuildFile; fileRef = C36CAD121E390E9F008C685E /* EditFlightViewController.swift */; };
		C36CAD151E39A470008C685E /* ForgotPasswordViewController.swift in Sources */ = {isa = PBXBuildFile; fileRef = C36CAD141E39A470008C685E /* ForgotPasswordViewController.swift */; };
		C37090061E4F716A00AB3B8B /* GlobalVariables.swift in Sources */ = {isa = PBXBuildFile; fileRef = C37090051E4F716A00AB3B8B /* GlobalVariables.swift */; };
		C37090081E4F724100AB3B8B /* Plane.swift in Sources */ = {isa = PBXBuildFile; fileRef = C37090071E4F724100AB3B8B /* Plane.swift */; };
		C38FBBD21E4B918B0087F9CA /* User.swift in Sources */ = {isa = PBXBuildFile; fileRef = C38FBBD11E4B918B0087F9CA /* User.swift */; };
		C38FBBD51E4B93470087F9CA /* Flight.swift in Sources */ = {isa = PBXBuildFile; fileRef = C38FBBD41E4B93470087F9CA /* Flight.swift */; };
		C39B65F91E6F62D100A4CA8A /* FlightDetailsViewController.swift in Sources */ = {isa = PBXBuildFile; fileRef = C39B65F81E6F62D100A4CA8A /* FlightDetailsViewController.swift */; };
		C3CAF6111E3132DF00A17817 /* UpcomingFlightsViewController.swift in Sources */ = {isa = PBXBuildFile; fileRef = C3CAF6101E3132DF00A17817 /* UpcomingFlightsViewController.swift */; };
		C3E202D21E7B79A900F2CE69 /* Charts.framework in Frameworks */ = {isa = PBXBuildFile; fileRef = C3E202CD1E7B797900F2CE69 /* Charts.framework */; };
		C3E202D31E7B79A900F2CE69 /* Charts.framework in Embed Frameworks */ = {isa = PBXBuildFile; fileRef = C3E202CD1E7B797900F2CE69 /* Charts.framework */; settings = {ATTRIBUTES = (CodeSignOnCopy, RemoveHeadersOnCopy, ); }; };
		C3FF5AC91E3EE6ED00D1A96E /* PaddedTextField.swift in Sources */ = {isa = PBXBuildFile; fileRef = C3FF5AC81E3EE6ED00D1A96E /* PaddedTextField.swift */; };
		C3FF6FBB1E306C0600C59DB3 /* AppDelegate.swift in Sources */ = {isa = PBXBuildFile; fileRef = C3FF6FBA1E306C0600C59DB3 /* AppDelegate.swift */; };
		C3FF6FBD1E306C0600C59DB3 /* LoginViewController.swift in Sources */ = {isa = PBXBuildFile; fileRef = C3FF6FBC1E306C0600C59DB3 /* LoginViewController.swift */; };
		C3FF6FC01E306C0600C59DB3 /* Main.storyboard in Resources */ = {isa = PBXBuildFile; fileRef = C3FF6FBE1E306C0600C59DB3 /* Main.storyboard */; };
		C3FF6FC21E306C0600C59DB3 /* Assets.xcassets in Resources */ = {isa = PBXBuildFile; fileRef = C3FF6FC11E306C0600C59DB3 /* Assets.xcassets */; };
		C3FF6FC51E306C0600C59DB3 /* LaunchScreen.storyboard in Resources */ = {isa = PBXBuildFile; fileRef = C3FF6FC31E306C0600C59DB3 /* LaunchScreen.storyboard */; };
		C3FF6FD01E306C0600C59DB3 /* On_The_FlyTests.swift in Sources */ = {isa = PBXBuildFile; fileRef = C3FF6FCF1E306C0600C59DB3 /* On_The_FlyTests.swift */; };
		C3FF6FDB1E306C0600C59DB3 /* On_The_FlyUITests.swift in Sources */ = {isa = PBXBuildFile; fileRef = C3FF6FDA1E306C0600C59DB3 /* On_The_FlyUITests.swift */; };
		EF54CA7643BEE50FB0699136 /* Pods_On_The_Fly.framework in Frameworks */ = {isa = PBXBuildFile; fileRef = 1EFB5CFA4AC213107E72ED0E /* Pods_On_The_Fly.framework */; };
/* End PBXBuildFile section */

/* Begin PBXContainerItemProxy section */
		C3E202CC1E7B797900F2CE69 /* PBXContainerItemProxy */ = {
			isa = PBXContainerItemProxy;
			containerPortal = C3E202C61E7B797800F2CE69 /* Charts.xcodeproj */;
			proxyType = 2;
			remoteGlobalIDString = 06165F241D8110E600722320;
			remoteInfo = Charts;
		};
		C3E202CE1E7B797900F2CE69 /* PBXContainerItemProxy */ = {
			isa = PBXContainerItemProxy;
			containerPortal = C3E202C61E7B797800F2CE69 /* Charts.xcodeproj */;
			proxyType = 2;
			remoteGlobalIDString = 06B120D51D811E6200D14B02;
			remoteInfo = ChartsRealm;
		};
		C3E202D01E7B797900F2CE69 /* PBXContainerItemProxy */ = {
			isa = PBXContainerItemProxy;
			containerPortal = C3E202C61E7B797800F2CE69 /* Charts.xcodeproj */;
			proxyType = 2;
			remoteGlobalIDString = 06165F2E1D8110E600722320;
			remoteInfo = ChartsTests;
		};
		C3E202D41E7B79A900F2CE69 /* PBXContainerItemProxy */ = {
			isa = PBXContainerItemProxy;
			containerPortal = C3E202C61E7B797800F2CE69 /* Charts.xcodeproj */;
			proxyType = 1;
			remoteGlobalIDString = 06165F231D8110E600722320;
			remoteInfo = Charts;
		};
		C3FF6FCC1E306C0600C59DB3 /* PBXContainerItemProxy */ = {
			isa = PBXContainerItemProxy;
			containerPortal = C3FF6FAF1E306C0600C59DB3 /* Project object */;
			proxyType = 1;
			remoteGlobalIDString = C3FF6FB61E306C0600C59DB3;
			remoteInfo = "On The Fly";
		};
		C3FF6FD71E306C0600C59DB3 /* PBXContainerItemProxy */ = {
			isa = PBXContainerItemProxy;
			containerPortal = C3FF6FAF1E306C0600C59DB3 /* Project object */;
			proxyType = 1;
			remoteGlobalIDString = C3FF6FB61E306C0600C59DB3;
			remoteInfo = "On The Fly";
		};
/* End PBXContainerItemProxy section */

/* Begin PBXCopyFilesBuildPhase section */
		C3E202D61E7B79A900F2CE69 /* Embed Frameworks */ = {
			isa = PBXCopyFilesBuildPhase;
			buildActionMask = 2147483647;
			dstPath = "";
			dstSubfolderSpec = 10;
			files = (
				C3E202D31E7B79A900F2CE69 /* Charts.framework in Embed Frameworks */,
			);
			name = "Embed Frameworks";
			runOnlyForDeploymentPostprocessing = 0;
		};
/* End PBXCopyFilesBuildPhase section */

/* Begin PBXFileReference section */
		165258976A76E9DAAB156DE2 /* Pods_On_The_FlyUITests.framework */ = {isa = PBXFileReference; explicitFileType = wrapper.framework; includeInIndex = 0; path = Pods_On_The_FlyUITests.framework; sourceTree = BUILT_PRODUCTS_DIR; };
		1EFB5CFA4AC213107E72ED0E /* Pods_On_The_Fly.framework */ = {isa = PBXFileReference; explicitFileType = wrapper.framework; includeInIndex = 0; path = Pods_On_The_Fly.framework; sourceTree = BUILT_PRODUCTS_DIR; };
		3364B4826F8520D44A8AA407 /* Pods-On The Fly.debug.xcconfig */ = {isa = PBXFileReference; includeInIndex = 1; lastKnownFileType = text.xcconfig; name = "Pods-On The Fly.debug.xcconfig"; path = "Pods/Target Support Files/Pods-On The Fly/Pods-On The Fly.debug.xcconfig"; sourceTree = "<group>"; };
		4B554A63B275495C8AB9707B /* Pods-On The FlyUITests.release.xcconfig */ = {isa = PBXFileReference; includeInIndex = 1; lastKnownFileType = text.xcconfig; name = "Pods-On The FlyUITests.release.xcconfig"; path = "Pods/Target Support Files/Pods-On The FlyUITests/Pods-On The FlyUITests.release.xcconfig"; sourceTree = "<group>"; };
		608237907DEDBDD8574A8C35 /* Pods-On The FlyTests.debug.xcconfig */ = {isa = PBXFileReference; includeInIndex = 1; lastKnownFileType = text.xcconfig; name = "Pods-On The FlyTests.debug.xcconfig"; path = "Pods/Target Support Files/Pods-On The FlyTests/Pods-On The FlyTests.debug.xcconfig"; sourceTree = "<group>"; };
		660F8162DFF2E91AB7A2DDB4 /* Pods-On The FlyTests.release.xcconfig */ = {isa = PBXFileReference; includeInIndex = 1; lastKnownFileType = text.xcconfig; name = "Pods-On The FlyTests.release.xcconfig"; path = "Pods/Target Support Files/Pods-On The FlyTests/Pods-On The FlyTests.release.xcconfig"; sourceTree = "<group>"; };
		67678A9B74D2A58285A1B798 /* Pods-On The Fly.release.xcconfig */ = {isa = PBXFileReference; includeInIndex = 1; lastKnownFileType = text.xcconfig; name = "Pods-On The Fly.release.xcconfig"; path = "Pods/Target Support Files/Pods-On The Fly/Pods-On The Fly.release.xcconfig"; sourceTree = "<group>"; };
		9626DE2D45498C5E6EC5474B /* Pods_On_The_FlyTests.framework */ = {isa = PBXFileReference; explicitFileType = wrapper.framework; includeInIndex = 0; path = Pods_On_The_FlyTests.framework; sourceTree = BUILT_PRODUCTS_DIR; };
		C302D8A11E3721F100CB2B54 /* Utilities.swift */ = {isa = PBXFileReference; fileEncoding = 4; lastKnownFileType = sourcecode.swift; name = Utilities.swift; path = ../Utilities.swift; sourceTree = "<group>"; };
		C303D83C1E62178200A8DBBF /* WiggleUICollectionView.swift */ = {isa = PBXFileReference; fileEncoding = 4; lastKnownFileType = sourcecode.swift; path = WiggleUICollectionView.swift; sourceTree = "<group>"; };
		C307578F1E501E0700DFD493 /* UpcomingFlightTableViewCell.swift */ = {isa = PBXFileReference; fileEncoding = 4; lastKnownFileType = sourcecode.swift; path = UpcomingFlightTableViewCell.swift; sourceTree = "<group>"; };
		C3174EF71E5B931F009C2545 /* PassengerCollectionViewCell.swift */ = {isa = PBXFileReference; fileEncoding = 4; lastKnownFileType = sourcecode.swift; path = PassengerCollectionViewCell.swift; sourceTree = "<group>"; };
		C3174EFE1E5BCF5C009C2545 /* CargoViewController.swift */ = {isa = PBXFileReference; fileEncoding = 4; lastKnownFileType = sourcecode.swift; path = CargoViewController.swift; sourceTree = "<group>"; };
		C33B9CA51E38671500AF47A6 /* CreateNewFlightViewController.swift */ = {isa = PBXFileReference; fileEncoding = 4; lastKnownFileType = sourcecode.swift; path = CreateNewFlightViewController.swift; sourceTree = "<group>"; };
		C34899A51E4918B2006EEEC1 /* On The Fly.entitlements */ = {isa = PBXFileReference; lastKnownFileType = text.plist.entitlements; path = "On The Fly.entitlements"; sourceTree = "<group>"; };
		C35D35341E42880E0047962C /* GoogleService-Info.plist */ = {isa = PBXFileReference; fileEncoding = 4; lastKnownFileType = text.plist.xml; path = "GoogleService-Info.plist"; sourceTree = "<group>"; };
		C35FBA3D1E3AED3700A53888 /* ReportGenerationViewController.swift */ = {isa = PBXFileReference; fileEncoding = 4; lastKnownFileType = sourcecode.swift; path = ReportGenerationViewController.swift; sourceTree = "<group>"; };
		C35FBA3F1E3AF97700A53888 /* CheckboxButton.swift */ = {isa = PBXFileReference; fileEncoding = 4; lastKnownFileType = sourcecode.swift; path = CheckboxButton.swift; sourceTree = "<group>"; };
		C36CAD101E3906EC008C685E /* CreateAccountViewController.swift */ = {isa = PBXFileReference; fileEncoding = 4; lastKnownFileType = sourcecode.swift; path = CreateAccountViewController.swift; sourceTree = "<group>"; };
		C36CAD121E390E9F008C685E /* EditFlightViewController.swift */ = {isa = PBXFileReference; fileEncoding = 4; lastKnownFileType = sourcecode.swift; path = EditFlightViewController.swift; sourceTree = "<group>"; };
		C36CAD141E39A470008C685E /* ForgotPasswordViewController.swift */ = {isa = PBXFileReference; fileEncoding = 4; lastKnownFileType = sourcecode.swift; path = ForgotPasswordViewController.swift; sourceTree = "<group>"; };
		C37090051E4F716A00AB3B8B /* GlobalVariables.swift */ = {isa = PBXFileReference; fileEncoding = 4; lastKnownFileType = sourcecode.swift; path = GlobalVariables.swift; sourceTree = "<group>"; };
		C37090071E4F724100AB3B8B /* Plane.swift */ = {isa = PBXFileReference; fileEncoding = 4; lastKnownFileType = sourcecode.swift; path = Plane.swift; sourceTree = "<group>"; };
		C38FBBD11E4B918B0087F9CA /* User.swift */ = {isa = PBXFileReference; fileEncoding = 4; lastKnownFileType = sourcecode.swift; path = User.swift; sourceTree = "<group>"; };
		C38FBBD41E4B93470087F9CA /* Flight.swift */ = {isa = PBXFileReference; fileEncoding = 4; lastKnownFileType = sourcecode.swift; path = Flight.swift; sourceTree = "<group>"; };
		C39B65F81E6F62D100A4CA8A /* FlightDetailsViewController.swift */ = {isa = PBXFileReference; fileEncoding = 4; lastKnownFileType = sourcecode.swift; path = FlightDetailsViewController.swift; sourceTree = "<group>"; };
		C3A0A3FA66C71C7A5463191C /* Pods-On The FlyUITests.debug.xcconfig */ = {isa = PBXFileReference; includeInIndex = 1; lastKnownFileType = text.xcconfig; name = "Pods-On The FlyUITests.debug.xcconfig"; path = "Pods/Target Support Files/Pods-On The FlyUITests/Pods-On The FlyUITests.debug.xcconfig"; sourceTree = "<group>"; };
		C3CAF6101E3132DF00A17817 /* UpcomingFlightsViewController.swift */ = {isa = PBXFileReference; fileEncoding = 4; lastKnownFileType = sourcecode.swift; path = UpcomingFlightsViewController.swift; sourceTree = "<group>"; };
		C3E202C61E7B797800F2CE69 /* Charts.xcodeproj */ = {isa = PBXFileReference; lastKnownFileType = "wrapper.pb-project"; name = Charts.xcodeproj; path = "Charts-master/Charts.xcodeproj"; sourceTree = SOURCE_ROOT; };
		C3FF5AC81E3EE6ED00D1A96E /* PaddedTextField.swift */ = {isa = PBXFileReference; fileEncoding = 4; lastKnownFileType = sourcecode.swift; path = PaddedTextField.swift; sourceTree = "<group>"; };
		C3FF6FB71E306C0600C59DB3 /* On The Fly.app */ = {isa = PBXFileReference; explicitFileType = wrapper.application; includeInIndex = 0; path = "On The Fly.app"; sourceTree = BUILT_PRODUCTS_DIR; };
		C3FF6FBA1E306C0600C59DB3 /* AppDelegate.swift */ = {isa = PBXFileReference; lastKnownFileType = sourcecode.swift; path = AppDelegate.swift; sourceTree = "<group>"; };
		C3FF6FBC1E306C0600C59DB3 /* LoginViewController.swift */ = {isa = PBXFileReference; lastKnownFileType = sourcecode.swift; path = LoginViewController.swift; sourceTree = "<group>"; };
		C3FF6FBF1E306C0600C59DB3 /* Base */ = {isa = PBXFileReference; lastKnownFileType = file.storyboard; name = Base; path = Base.lproj/Main.storyboard; sourceTree = "<group>"; };
		C3FF6FC11E306C0600C59DB3 /* Assets.xcassets */ = {isa = PBXFileReference; lastKnownFileType = folder.assetcatalog; path = Assets.xcassets; sourceTree = "<group>"; };
		C3FF6FC41E306C0600C59DB3 /* Base */ = {isa = PBXFileReference; lastKnownFileType = file.storyboard; name = Base; path = Base.lproj/LaunchScreen.storyboard; sourceTree = "<group>"; };
		C3FF6FC61E306C0600C59DB3 /* Info.plist */ = {isa = PBXFileReference; lastKnownFileType = text.plist.xml; path = Info.plist; sourceTree = "<group>"; };
		C3FF6FCB1E306C0600C59DB3 /* On The FlyTests.xctest */ = {isa = PBXFileReference; explicitFileType = wrapper.cfbundle; includeInIndex = 0; path = "On The FlyTests.xctest"; sourceTree = BUILT_PRODUCTS_DIR; };
		C3FF6FCF1E306C0600C59DB3 /* On_The_FlyTests.swift */ = {isa = PBXFileReference; lastKnownFileType = sourcecode.swift; path = On_The_FlyTests.swift; sourceTree = "<group>"; };
		C3FF6FD11E306C0600C59DB3 /* Info.plist */ = {isa = PBXFileReference; lastKnownFileType = text.plist.xml; path = Info.plist; sourceTree = "<group>"; };
		C3FF6FD61E306C0600C59DB3 /* On The FlyUITests.xctest */ = {isa = PBXFileReference; explicitFileType = wrapper.cfbundle; includeInIndex = 0; path = "On The FlyUITests.xctest"; sourceTree = BUILT_PRODUCTS_DIR; };
		C3FF6FDA1E306C0600C59DB3 /* On_The_FlyUITests.swift */ = {isa = PBXFileReference; lastKnownFileType = sourcecode.swift; path = On_The_FlyUITests.swift; sourceTree = "<group>"; };
		C3FF6FDC1E306C0600C59DB3 /* Info.plist */ = {isa = PBXFileReference; lastKnownFileType = text.plist.xml; path = Info.plist; sourceTree = "<group>"; };
/* End PBXFileReference section */

/* Begin PBXFrameworksBuildPhase section */
		C3FF6FB41E306C0600C59DB3 /* Frameworks */ = {
			isa = PBXFrameworksBuildPhase;
			buildActionMask = 2147483647;
			files = (
				EF54CA7643BEE50FB0699136 /* Pods_On_The_Fly.framework in Frameworks */,
				C3E202D21E7B79A900F2CE69 /* Charts.framework in Frameworks */,
			);
			runOnlyForDeploymentPostprocessing = 0;
		};
		C3FF6FC81E306C0600C59DB3 /* Frameworks */ = {
			isa = PBXFrameworksBuildPhase;
			buildActionMask = 2147483647;
			files = (
				6D0CB4DC707257B09A73E6F9 /* Pods_On_The_FlyTests.framework in Frameworks */,
			);
			runOnlyForDeploymentPostprocessing = 0;
		};
		C3FF6FD31E306C0600C59DB3 /* Frameworks */ = {
			isa = PBXFrameworksBuildPhase;
			buildActionMask = 2147483647;
			files = (
				83FE4927AA4B87730C1FD220 /* Pods_On_The_FlyUITests.framework in Frameworks */,
			);
			runOnlyForDeploymentPostprocessing = 0;
		};
/* End PBXFrameworksBuildPhase section */

/* Begin PBXGroup section */
		8E529B002C46B22B5DDDE035 /* Pods */ = {
			isa = PBXGroup;
			children = (
				3364B4826F8520D44A8AA407 /* Pods-On The Fly.debug.xcconfig */,
				67678A9B74D2A58285A1B798 /* Pods-On The Fly.release.xcconfig */,
				608237907DEDBDD8574A8C35 /* Pods-On The FlyTests.debug.xcconfig */,
				660F8162DFF2E91AB7A2DDB4 /* Pods-On The FlyTests.release.xcconfig */,
				C3A0A3FA66C71C7A5463191C /* Pods-On The FlyUITests.debug.xcconfig */,
				4B554A63B275495C8AB9707B /* Pods-On The FlyUITests.release.xcconfig */,
			);
			name = Pods;
			sourceTree = "<group>";
		};
		8F7E8F08ADFEC514C5C41EB2 /* Frameworks */ = {
			isa = PBXGroup;
			children = (
				1EFB5CFA4AC213107E72ED0E /* Pods_On_The_Fly.framework */,
				9626DE2D45498C5E6EC5474B /* Pods_On_The_FlyTests.framework */,
				165258976A76E9DAAB156DE2 /* Pods_On_The_FlyUITests.framework */,
			);
			name = Frameworks;
			sourceTree = "<group>";
		};
		C35FBA411E3B041100A53888 /* Custom Support Files */ = {
			isa = PBXGroup;
			children = (
				C37090051E4F716A00AB3B8B /* GlobalVariables.swift */,
				C302D8A11E3721F100CB2B54 /* Utilities.swift */,
				C35FBA3F1E3AF97700A53888 /* CheckboxButton.swift */,
				C3FF5AC81E3EE6ED00D1A96E /* PaddedTextField.swift */,
				C307578F1E501E0700DFD493 /* UpcomingFlightTableViewCell.swift */,
				C3174EF71E5B931F009C2545 /* PassengerCollectionViewCell.swift */,
				C303D83C1E62178200A8DBBF /* WiggleUICollectionView.swift */,
			);
			name = "Custom Support Files";
			sourceTree = "<group>";
		};
		C38FBBD31E4B92AB0087F9CA /* Model */ = {
			isa = PBXGroup;
			children = (
				C38FBBD11E4B918B0087F9CA /* User.swift */,
				C38FBBD41E4B93470087F9CA /* Flight.swift */,
				C37090071E4F724100AB3B8B /* Plane.swift */,
			);
			name = Model;
			sourceTree = "<group>";
		};
		C3CAF60F1E31260300A17817 /* View Controllers */ = {
			isa = PBXGroup;
			children = (
				C3FF6FBC1E306C0600C59DB3 /* LoginViewController.swift */,
				C3CAF6101E3132DF00A17817 /* UpcomingFlightsViewController.swift */,
				C33B9CA51E38671500AF47A6 /* CreateNewFlightViewController.swift */,
				C36CAD101E3906EC008C685E /* CreateAccountViewController.swift */,
				C36CAD121E390E9F008C685E /* EditFlightViewController.swift */,
				C39B65F81E6F62D100A4CA8A /* FlightDetailsViewController.swift */,
				C36CAD141E39A470008C685E /* ForgotPasswordViewController.swift */,
				C35FBA3D1E3AED3700A53888 /* ReportGenerationViewController.swift */,
				C3174EFE1E5BCF5C009C2545 /* CargoViewController.swift */,
			);
			name = "View Controllers";
			sourceTree = "<group>";
		};
		C3E202C71E7B797800F2CE69 /* Products */ = {
			isa = PBXGroup;
			children = (
				C3E202CD1E7B797900F2CE69 /* Charts.framework */,
				C3E202CF1E7B797900F2CE69 /* ChartsRealm.framework */,
				C3E202D11E7B797900F2CE69 /* ChartsTests.xctest */,
			);
			name = Products;
			sourceTree = "<group>";
		};
		C3FF6FAE1E306C0600C59DB3 = {
			isa = PBXGroup;
			children = (
				C3FF6FB91E306C0600C59DB3 /* On The Fly */,
				C3FF6FCE1E306C0600C59DB3 /* On The FlyTests */,
				C3FF6FD91E306C0600C59DB3 /* On The FlyUITests */,
				C3FF6FB81E306C0600C59DB3 /* Products */,
				8E529B002C46B22B5DDDE035 /* Pods */,
				8F7E8F08ADFEC514C5C41EB2 /* Frameworks */,
			);
			sourceTree = "<group>";
		};
		C3FF6FB81E306C0600C59DB3 /* Products */ = {
			isa = PBXGroup;
			children = (
				C3FF6FB71E306C0600C59DB3 /* On The Fly.app */,
				C3FF6FCB1E306C0600C59DB3 /* On The FlyTests.xctest */,
				C3FF6FD61E306C0600C59DB3 /* On The FlyUITests.xctest */,
			);
			name = Products;
			sourceTree = "<group>";
		};
		C3FF6FB91E306C0600C59DB3 /* On The Fly */ = {
			isa = PBXGroup;
			children = (
				C3E202C61E7B797800F2CE69 /* Charts.xcodeproj */,
				C34899A51E4918B2006EEEC1 /* On The Fly.entitlements */,
				C3FF6FBA1E306C0600C59DB3 /* AppDelegate.swift */,
				C38FBBD31E4B92AB0087F9CA /* Model */,
				C35FBA411E3B041100A53888 /* Custom Support Files */,
				C3CAF60F1E31260300A17817 /* View Controllers */,
				C3FF6FBE1E306C0600C59DB3 /* Main.storyboard */,
				C3FF6FC31E306C0600C59DB3 /* LaunchScreen.storyboard */,
				C3FF6FC11E306C0600C59DB3 /* Assets.xcassets */,
				C3FF6FC61E306C0600C59DB3 /* Info.plist */,
				C35D35341E42880E0047962C /* GoogleService-Info.plist */,
			);
			path = "On The Fly";
			sourceTree = "<group>";
		};
		C3FF6FCE1E306C0600C59DB3 /* On The FlyTests */ = {
			isa = PBXGroup;
			children = (
				C3FF6FCF1E306C0600C59DB3 /* On_The_FlyTests.swift */,
				C3FF6FD11E306C0600C59DB3 /* Info.plist */,
			);
			path = "On The FlyTests";
			sourceTree = "<group>";
		};
		C3FF6FD91E306C0600C59DB3 /* On The FlyUITests */ = {
			isa = PBXGroup;
			children = (
				C3FF6FDA1E306C0600C59DB3 /* On_The_FlyUITests.swift */,
				C3FF6FDC1E306C0600C59DB3 /* Info.plist */,
			);
			path = "On The FlyUITests";
			sourceTree = "<group>";
		};
/* End PBXGroup section */

/* Begin PBXNativeTarget section */
		C3FF6FB61E306C0600C59DB3 /* On The Fly */ = {
			isa = PBXNativeTarget;
			buildConfigurationList = C3FF6FDF1E306C0600C59DB3 /* Build configuration list for PBXNativeTarget "On The Fly" */;
			buildPhases = (
				56A322CC5D873F4CF9B14C77 /* [CP] Check Pods Manifest.lock */,
				C3FF6FB31E306C0600C59DB3 /* Sources */,
				C3FF6FB41E306C0600C59DB3 /* Frameworks */,
				C3FF6FB51E306C0600C59DB3 /* Resources */,
				4E151328A659D9040784C92E /* [CP] Embed Pods Frameworks */,
				62B157F7164A5BD4BDEC9CC5 /* [CP] Copy Pods Resources */,
				C3E202D61E7B79A900F2CE69 /* Embed Frameworks */,
			);
			buildRules = (
			);
			dependencies = (
				C3E202D51E7B79A900F2CE69 /* PBXTargetDependency */,
			);
			name = "On The Fly";
			productName = "On The Fly";
			productReference = C3FF6FB71E306C0600C59DB3 /* On The Fly.app */;
			productType = "com.apple.product-type.application";
		};
		C3FF6FCA1E306C0600C59DB3 /* On The FlyTests */ = {
			isa = PBXNativeTarget;
			buildConfigurationList = C3FF6FE21E306C0600C59DB3 /* Build configuration list for PBXNativeTarget "On The FlyTests" */;
			buildPhases = (
				BABC5F57C79BAF17FF21BE2E /* [CP] Check Pods Manifest.lock */,
				C3FF6FC71E306C0600C59DB3 /* Sources */,
				C3FF6FC81E306C0600C59DB3 /* Frameworks */,
				C3FF6FC91E306C0600C59DB3 /* Resources */,
				E46F98F332C6FC9C418053E5 /* [CP] Embed Pods Frameworks */,
				823826525675154C70B0C712 /* [CP] Copy Pods Resources */,
			);
			buildRules = (
			);
			dependencies = (
				C3FF6FCD1E306C0600C59DB3 /* PBXTargetDependency */,
			);
			name = "On The FlyTests";
			productName = "On The FlyTests";
			productReference = C3FF6FCB1E306C0600C59DB3 /* On The FlyTests.xctest */;
			productType = "com.apple.product-type.bundle.unit-test";
		};
		C3FF6FD51E306C0600C59DB3 /* On The FlyUITests */ = {
			isa = PBXNativeTarget;
			buildConfigurationList = C3FF6FE51E306C0600C59DB3 /* Build configuration list for PBXNativeTarget "On The FlyUITests" */;
			buildPhases = (
				2B076A3FF5A813C280EBA632 /* [CP] Check Pods Manifest.lock */,
				C3FF6FD21E306C0600C59DB3 /* Sources */,
				C3FF6FD31E306C0600C59DB3 /* Frameworks */,
				C3FF6FD41E306C0600C59DB3 /* Resources */,
				988FB95745C15E14F4AC0E93 /* [CP] Embed Pods Frameworks */,
				0CA144D65A32B2F5EF26CD8F /* [CP] Copy Pods Resources */,
			);
			buildRules = (
			);
			dependencies = (
				C3FF6FD81E306C0600C59DB3 /* PBXTargetDependency */,
			);
			name = "On The FlyUITests";
			productName = "On The FlyUITests";
			productReference = C3FF6FD61E306C0600C59DB3 /* On The FlyUITests.xctest */;
			productType = "com.apple.product-type.bundle.ui-testing";
		};
/* End PBXNativeTarget section */

/* Begin PBXProject section */
		C3FF6FAF1E306C0600C59DB3 /* Project object */ = {
			isa = PBXProject;
			attributes = {
				LastSwiftUpdateCheck = 0800;
				LastUpgradeCheck = 0820;
				ORGANIZATIONNAME = "Team 152 - Easily The Best";
				TargetAttributes = {
					C3FF6FB61E306C0600C59DB3 = {
						CreatedOnToolsVersion = 8.0;
						DevelopmentTeam = YBDBYTJ7R7;
						ProvisioningStyle = Automatic;
						SystemCapabilities = {
							com.apple.Keychain = {
								enabled = 1;
							};
						};
					};
					C3FF6FCA1E306C0600C59DB3 = {
						CreatedOnToolsVersion = 8.0;
						DevelopmentTeam = YBDBYTJ7R7;
						ProvisioningStyle = Automatic;
						TestTargetID = C3FF6FB61E306C0600C59DB3;
					};
					C3FF6FD51E306C0600C59DB3 = {
						CreatedOnToolsVersion = 8.0;
						DevelopmentTeam = YBDBYTJ7R7;
						ProvisioningStyle = Automatic;
						TestTargetID = C3FF6FB61E306C0600C59DB3;
					};
				};
			};
			buildConfigurationList = C3FF6FB21E306C0600C59DB3 /* Build configuration list for PBXProject "On The Fly" */;
			compatibilityVersion = "Xcode 3.2";
			developmentRegion = English;
			hasScannedForEncodings = 0;
			knownRegions = (
				en,
				Base,
			);
			mainGroup = C3FF6FAE1E306C0600C59DB3;
			productRefGroup = C3FF6FB81E306C0600C59DB3 /* Products */;
			projectDirPath = "";
			projectReferences = (
				{
					ProductGroup = C3E202C71E7B797800F2CE69 /* Products */;
					ProjectRef = C3E202C61E7B797800F2CE69 /* Charts.xcodeproj */;
				},
			);
			projectRoot = "";
			targets = (
				C3FF6FB61E306C0600C59DB3 /* On The Fly */,
				C3FF6FCA1E306C0600C59DB3 /* On The FlyTests */,
				C3FF6FD51E306C0600C59DB3 /* On The FlyUITests */,
			);
		};
/* End PBXProject section */

/* Begin PBXReferenceProxy section */
		C3E202CD1E7B797900F2CE69 /* Charts.framework */ = {
			isa = PBXReferenceProxy;
			fileType = wrapper.framework;
			path = Charts.framework;
			remoteRef = C3E202CC1E7B797900F2CE69 /* PBXContainerItemProxy */;
			sourceTree = BUILT_PRODUCTS_DIR;
		};
		C3E202CF1E7B797900F2CE69 /* ChartsRealm.framework */ = {
			isa = PBXReferenceProxy;
			fileType = wrapper.framework;
			path = ChartsRealm.framework;
			remoteRef = C3E202CE1E7B797900F2CE69 /* PBXContainerItemProxy */;
			sourceTree = BUILT_PRODUCTS_DIR;
		};
		C3E202D11E7B797900F2CE69 /* ChartsTests.xctest */ = {
			isa = PBXReferenceProxy;
			fileType = wrapper.cfbundle;
			path = ChartsTests.xctest;
			remoteRef = C3E202D01E7B797900F2CE69 /* PBXContainerItemProxy */;
			sourceTree = BUILT_PRODUCTS_DIR;
		};
/* End PBXReferenceProxy section */

/* Begin PBXResourcesBuildPhase section */
		C3FF6FB51E306C0600C59DB3 /* Resources */ = {
			isa = PBXResourcesBuildPhase;
			buildActionMask = 2147483647;
			files = (
				C3FF6FC51E306C0600C59DB3 /* LaunchScreen.storyboard in Resources */,
				C35D35351E42880E0047962C /* GoogleService-Info.plist in Resources */,
				C3FF6FC21E306C0600C59DB3 /* Assets.xcassets in Resources */,
				C3FF6FC01E306C0600C59DB3 /* Main.storyboard in Resources */,
			);
			runOnlyForDeploymentPostprocessing = 0;
		};
		C3FF6FC91E306C0600C59DB3 /* Resources */ = {
			isa = PBXResourcesBuildPhase;
			buildActionMask = 2147483647;
			files = (
			);
			runOnlyForDeploymentPostprocessing = 0;
		};
		C3FF6FD41E306C0600C59DB3 /* Resources */ = {
			isa = PBXResourcesBuildPhase;
			buildActionMask = 2147483647;
			files = (
			);
			runOnlyForDeploymentPostprocessing = 0;
		};
/* End PBXResourcesBuildPhase section */

/* Begin PBXShellScriptBuildPhase section */
		0CA144D65A32B2F5EF26CD8F /* [CP] Copy Pods Resources */ = {
			isa = PBXShellScriptBuildPhase;
			buildActionMask = 2147483647;
			files = (
			);
			inputPaths = (
			);
			name = "[CP] Copy Pods Resources";
			outputPaths = (
			);
			runOnlyForDeploymentPostprocessing = 0;
			shellPath = /bin/sh;
			shellScript = "\"${SRCROOT}/Pods/Target Support Files/Pods-On The FlyUITests/Pods-On The FlyUITests-resources.sh\"\n";
			showEnvVarsInLog = 0;
		};
		2B076A3FF5A813C280EBA632 /* [CP] Check Pods Manifest.lock */ = {
			isa = PBXShellScriptBuildPhase;
			buildActionMask = 2147483647;
			files = (
			);
			inputPaths = (
			);
			name = "[CP] Check Pods Manifest.lock";
			outputPaths = (
			);
			runOnlyForDeploymentPostprocessing = 0;
			shellPath = /bin/sh;
			shellScript = "diff \"${PODS_ROOT}/../Podfile.lock\" \"${PODS_ROOT}/Manifest.lock\" > /dev/null\nif [ $? != 0 ] ; then\n    # print error to STDERR\n    echo \"error: The sandbox is not in sync with the Podfile.lock. Run 'pod install' or update your CocoaPods installation.\" >&2\n    exit 1\nfi\n";
			showEnvVarsInLog = 0;
		};
		4E151328A659D9040784C92E /* [CP] Embed Pods Frameworks */ = {
			isa = PBXShellScriptBuildPhase;
			buildActionMask = 2147483647;
			files = (
			);
			inputPaths = (
			);
			name = "[CP] Embed Pods Frameworks";
			outputPaths = (
			);
			runOnlyForDeploymentPostprocessing = 0;
			shellPath = /bin/sh;
			shellScript = "\"${SRCROOT}/Pods/Target Support Files/Pods-On The Fly/Pods-On The Fly-frameworks.sh\"\n";
			showEnvVarsInLog = 0;
		};
		56A322CC5D873F4CF9B14C77 /* [CP] Check Pods Manifest.lock */ = {
			isa = PBXShellScriptBuildPhase;
			buildActionMask = 2147483647;
			files = (
			);
			inputPaths = (
			);
			name = "[CP] Check Pods Manifest.lock";
			outputPaths = (
			);
			runOnlyForDeploymentPostprocessing = 0;
			shellPath = /bin/sh;
			shellScript = "diff \"${PODS_ROOT}/../Podfile.lock\" \"${PODS_ROOT}/Manifest.lock\" > /dev/null\nif [ $? != 0 ] ; then\n    # print error to STDERR\n    echo \"error: The sandbox is not in sync with the Podfile.lock. Run 'pod install' or update your CocoaPods installation.\" >&2\n    exit 1\nfi\n";
			showEnvVarsInLog = 0;
		};
		62B157F7164A5BD4BDEC9CC5 /* [CP] Copy Pods Resources */ = {
			isa = PBXShellScriptBuildPhase;
			buildActionMask = 2147483647;
			files = (
			);
			inputPaths = (
			);
			name = "[CP] Copy Pods Resources";
			outputPaths = (
			);
			runOnlyForDeploymentPostprocessing = 0;
			shellPath = /bin/sh;
			shellScript = "\"${SRCROOT}/Pods/Target Support Files/Pods-On The Fly/Pods-On The Fly-resources.sh\"\n";
			showEnvVarsInLog = 0;
		};
		823826525675154C70B0C712 /* [CP] Copy Pods Resources */ = {
			isa = PBXShellScriptBuildPhase;
			buildActionMask = 2147483647;
			files = (
			);
			inputPaths = (
			);
			name = "[CP] Copy Pods Resources";
			outputPaths = (
			);
			runOnlyForDeploymentPostprocessing = 0;
			shellPath = /bin/sh;
			shellScript = "\"${SRCROOT}/Pods/Target Support Files/Pods-On The FlyTests/Pods-On The FlyTests-resources.sh\"\n";
			showEnvVarsInLog = 0;
		};
		988FB95745C15E14F4AC0E93 /* [CP] Embed Pods Frameworks */ = {
			isa = PBXShellScriptBuildPhase;
			buildActionMask = 2147483647;
			files = (
			);
			inputPaths = (
			);
			name = "[CP] Embed Pods Frameworks";
			outputPaths = (
			);
			runOnlyForDeploymentPostprocessing = 0;
			shellPath = /bin/sh;
			shellScript = "\"${SRCROOT}/Pods/Target Support Files/Pods-On The FlyUITests/Pods-On The FlyUITests-frameworks.sh\"\n";
			showEnvVarsInLog = 0;
		};
		BABC5F57C79BAF17FF21BE2E /* [CP] Check Pods Manifest.lock */ = {
			isa = PBXShellScriptBuildPhase;
			buildActionMask = 2147483647;
			files = (
			);
			inputPaths = (
			);
			name = "[CP] Check Pods Manifest.lock";
			outputPaths = (
			);
			runOnlyForDeploymentPostprocessing = 0;
			shellPath = /bin/sh;
			shellScript = "diff \"${PODS_ROOT}/../Podfile.lock\" \"${PODS_ROOT}/Manifest.lock\" > /dev/null\nif [ $? != 0 ] ; then\n    # print error to STDERR\n    echo \"error: The sandbox is not in sync with the Podfile.lock. Run 'pod install' or update your CocoaPods installation.\" >&2\n    exit 1\nfi\n";
			showEnvVarsInLog = 0;
		};
		E46F98F332C6FC9C418053E5 /* [CP] Embed Pods Frameworks */ = {
			isa = PBXShellScriptBuildPhase;
			buildActionMask = 2147483647;
			files = (
			);
			inputPaths = (
			);
			name = "[CP] Embed Pods Frameworks";
			outputPaths = (
			);
			runOnlyForDeploymentPostprocessing = 0;
			shellPath = /bin/sh;
			shellScript = "\"${SRCROOT}/Pods/Target Support Files/Pods-On The FlyTests/Pods-On The FlyTests-frameworks.sh\"\n";
			showEnvVarsInLog = 0;
		};
/* End PBXShellScriptBuildPhase section */

/* Begin PBXSourcesBuildPhase section */
		C3FF6FB31E306C0600C59DB3 /* Sources */ = {
			isa = PBXSourcesBuildPhase;
			buildActionMask = 2147483647;
			files = (
				C35FBA401E3AF97700A53888 /* CheckboxButton.swift in Sources */,
				C3174EFF1E5BCF5C009C2545 /* CargoViewController.swift in Sources */,
				C36CAD151E39A470008C685E /* ForgotPasswordViewController.swift in Sources */,
				C36CAD131E390E9F008C685E /* EditFlightViewController.swift in Sources */,
				C3174EF81E5B931F009C2545 /* PassengerCollectionViewCell.swift in Sources */,
				C303D83D1E62178200A8DBBF /* WiggleUICollectionView.swift in Sources */,
				C3FF5AC91E3EE6ED00D1A96E /* PaddedTextField.swift in Sources */,
				C37090061E4F716A00AB3B8B /* GlobalVariables.swift in Sources */,
				C36CAD111E3906EC008C685E /* CreateAccountViewController.swift in Sources */,
				C3CAF6111E3132DF00A17817 /* UpcomingFlightsViewController.swift in Sources */,
				C37090081E4F724100AB3B8B /* Plane.swift in Sources */,
				C3FF6FBD1E306C0600C59DB3 /* LoginViewController.swift in Sources */,
				C302D8A21E3721F100CB2B54 /* Utilities.swift in Sources */,
				C39B65F91E6F62D100A4CA8A /* FlightDetailsViewController.swift in Sources */,
				C38FBBD21E4B918B0087F9CA /* User.swift in Sources */,
				C35FBA3E1E3AED3700A53888 /* ReportGenerationViewController.swift in Sources */,
				C3FF6FBB1E306C0600C59DB3 /* AppDelegate.swift in Sources */,
				C30757901E501E0700DFD493 /* UpcomingFlightTableViewCell.swift in Sources */,
				C33B9CA61E38671500AF47A6 /* CreateNewFlightViewController.swift in Sources */,
				C38FBBD51E4B93470087F9CA /* Flight.swift in Sources */,
			);
			runOnlyForDeploymentPostprocessing = 0;
		};
		C3FF6FC71E306C0600C59DB3 /* Sources */ = {
			isa = PBXSourcesBuildPhase;
			buildActionMask = 2147483647;
			files = (
				C3FF6FD01E306C0600C59DB3 /* On_The_FlyTests.swift in Sources */,
			);
			runOnlyForDeploymentPostprocessing = 0;
		};
		C3FF6FD21E306C0600C59DB3 /* Sources */ = {
			isa = PBXSourcesBuildPhase;
			buildActionMask = 2147483647;
			files = (
				C3FF6FDB1E306C0600C59DB3 /* On_The_FlyUITests.swift in Sources */,
			);
			runOnlyForDeploymentPostprocessing = 0;
		};
/* End PBXSourcesBuildPhase section */

/* Begin PBXTargetDependency section */
		C3E202D51E7B79A900F2CE69 /* PBXTargetDependency */ = {
			isa = PBXTargetDependency;
			name = Charts;
			targetProxy = C3E202D41E7B79A900F2CE69 /* PBXContainerItemProxy */;
		};
		C3FF6FCD1E306C0600C59DB3 /* PBXTargetDependency */ = {
			isa = PBXTargetDependency;
			target = C3FF6FB61E306C0600C59DB3 /* On The Fly */;
			targetProxy = C3FF6FCC1E306C0600C59DB3 /* PBXContainerItemProxy */;
		};
		C3FF6FD81E306C0600C59DB3 /* PBXTargetDependency */ = {
			isa = PBXTargetDependency;
			target = C3FF6FB61E306C0600C59DB3 /* On The Fly */;
			targetProxy = C3FF6FD71E306C0600C59DB3 /* PBXContainerItemProxy */;
		};
/* End PBXTargetDependency section */

/* Begin PBXVariantGroup section */
		C3FF6FBE1E306C0600C59DB3 /* Main.storyboard */ = {
			isa = PBXVariantGroup;
			children = (
				C3FF6FBF1E306C0600C59DB3 /* Base */,
			);
			name = Main.storyboard;
			sourceTree = "<group>";
		};
		C3FF6FC31E306C0600C59DB3 /* LaunchScreen.storyboard */ = {
			isa = PBXVariantGroup;
			children = (
				C3FF6FC41E306C0600C59DB3 /* Base */,
			);
			name = LaunchScreen.storyboard;
			sourceTree = "<group>";
		};
/* End PBXVariantGroup section */

/* Begin XCBuildConfiguration section */
		C3FF6FDD1E306C0600C59DB3 /* Debug */ = {
			isa = XCBuildConfiguration;
			buildSettings = {
				ALWAYS_SEARCH_USER_PATHS = NO;
				CLANG_ANALYZER_NONNULL = YES;
				CLANG_CXX_LANGUAGE_STANDARD = "gnu++0x";
				CLANG_CXX_LIBRARY = "libc++";
				CLANG_ENABLE_MODULES = YES;
				CLANG_ENABLE_OBJC_ARC = YES;
				CLANG_WARN_BOOL_CONVERSION = YES;
				CLANG_WARN_CONSTANT_CONVERSION = YES;
				CLANG_WARN_DIRECT_OBJC_ISA_USAGE = YES_ERROR;
				CLANG_WARN_DOCUMENTATION_COMMENTS = YES;
				CLANG_WARN_EMPTY_BODY = YES;
				CLANG_WARN_ENUM_CONVERSION = YES;
				CLANG_WARN_INFINITE_RECURSION = YES;
				CLANG_WARN_INT_CONVERSION = YES;
				CLANG_WARN_OBJC_ROOT_CLASS = YES_ERROR;
				CLANG_WARN_SUSPICIOUS_MOVE = YES;
				CLANG_WARN_SUSPICIOUS_MOVES = YES;
				CLANG_WARN_UNREACHABLE_CODE = YES;
				CLANG_WARN__DUPLICATE_METHOD_MATCH = YES;
				"CODE_SIGN_IDENTITY[sdk=iphoneos*]" = "iPhone Developer";
				COPY_PHASE_STRIP = NO;
				DEBUG_INFORMATION_FORMAT = dwarf;
				ENABLE_STRICT_OBJC_MSGSEND = YES;
				ENABLE_TESTABILITY = YES;
				GCC_C_LANGUAGE_STANDARD = gnu99;
				GCC_DYNAMIC_NO_PIC = NO;
				GCC_NO_COMMON_BLOCKS = YES;
				GCC_OPTIMIZATION_LEVEL = 0;
				GCC_PREPROCESSOR_DEFINITIONS = (
					"DEBUG=1",
					"$(inherited)",
				);
				GCC_WARN_64_TO_32_BIT_CONVERSION = YES;
				GCC_WARN_ABOUT_RETURN_TYPE = YES_ERROR;
				GCC_WARN_UNDECLARED_SELECTOR = YES;
				GCC_WARN_UNINITIALIZED_AUTOS = YES_AGGRESSIVE;
				GCC_WARN_UNUSED_FUNCTION = YES;
				GCC_WARN_UNUSED_VARIABLE = YES;
				IPHONEOS_DEPLOYMENT_TARGET = 10.0;
				MTL_ENABLE_DEBUG_INFO = YES;
				ONLY_ACTIVE_ARCH = YES;
				SDKROOT = iphoneos;
				SWIFT_ACTIVE_COMPILATION_CONDITIONS = DEBUG;
				SWIFT_OPTIMIZATION_LEVEL = "-Onone";
			};
			name = Debug;
		};
		C3FF6FDE1E306C0600C59DB3 /* Release */ = {
			isa = XCBuildConfiguration;
			buildSettings = {
				ALWAYS_SEARCH_USER_PATHS = NO;
				CLANG_ANALYZER_NONNULL = YES;
				CLANG_CXX_LANGUAGE_STANDARD = "gnu++0x";
				CLANG_CXX_LIBRARY = "libc++";
				CLANG_ENABLE_MODULES = YES;
				CLANG_ENABLE_OBJC_ARC = YES;
				CLANG_WARN_BOOL_CONVERSION = YES;
				CLANG_WARN_CONSTANT_CONVERSION = YES;
				CLANG_WARN_DIRECT_OBJC_ISA_USAGE = YES_ERROR;
				CLANG_WARN_DOCUMENTATION_COMMENTS = YES;
				CLANG_WARN_EMPTY_BODY = YES;
				CLANG_WARN_ENUM_CONVERSION = YES;
				CLANG_WARN_INFINITE_RECURSION = YES;
				CLANG_WARN_INT_CONVERSION = YES;
				CLANG_WARN_OBJC_ROOT_CLASS = YES_ERROR;
				CLANG_WARN_SUSPICIOUS_MOVE = YES;
				CLANG_WARN_SUSPICIOUS_MOVES = YES;
				CLANG_WARN_UNREACHABLE_CODE = YES;
				CLANG_WARN__DUPLICATE_METHOD_MATCH = YES;
				"CODE_SIGN_IDENTITY[sdk=iphoneos*]" = "iPhone Developer";
				COPY_PHASE_STRIP = NO;
				DEBUG_INFORMATION_FORMAT = "dwarf-with-dsym";
				ENABLE_NS_ASSERTIONS = NO;
				ENABLE_STRICT_OBJC_MSGSEND = YES;
				GCC_C_LANGUAGE_STANDARD = gnu99;
				GCC_NO_COMMON_BLOCKS = YES;
				GCC_WARN_64_TO_32_BIT_CONVERSION = YES;
				GCC_WARN_ABOUT_RETURN_TYPE = YES_ERROR;
				GCC_WARN_UNDECLARED_SELECTOR = YES;
				GCC_WARN_UNINITIALIZED_AUTOS = YES_AGGRESSIVE;
				GCC_WARN_UNUSED_FUNCTION = YES;
				GCC_WARN_UNUSED_VARIABLE = YES;
				IPHONEOS_DEPLOYMENT_TARGET = 10.0;
				MTL_ENABLE_DEBUG_INFO = NO;
				SDKROOT = iphoneos;
				SWIFT_OPTIMIZATION_LEVEL = "-Owholemodule";
				VALIDATE_PRODUCT = YES;
			};
			name = Release;
		};
		C3FF6FE01E306C0600C59DB3 /* Debug */ = {
			isa = XCBuildConfiguration;
			baseConfigurationReference = 3364B4826F8520D44A8AA407 /* Pods-On The Fly.debug.xcconfig */;
			buildSettings = {
				ALWAYS_EMBED_SWIFT_STANDARD_LIBRARIES = YES;
				ASSETCATALOG_COMPILER_APPICON_NAME = AppIcon;
				CODE_SIGN_ENTITLEMENTS = "On The Fly/On The Fly.entitlements";
				DEVELOPMENT_TEAM = YBDBYTJ7R7;
				INFOPLIST_FILE = "On The Fly/Info.plist";
				LD_RUNPATH_SEARCH_PATHS = "$(inherited) @executable_path/Frameworks";
				PRODUCT_BUNDLE_IDENTIFIER = "edu.gatech.higgins.scott.On-The-Fly";
				PRODUCT_NAME = "$(TARGET_NAME)";
				SWIFT_VERSION = 3.0;
			};
			name = Debug;
		};
		C3FF6FE11E306C0600C59DB3 /* Release */ = {
			isa = XCBuildConfiguration;
			baseConfigurationReference = 67678A9B74D2A58285A1B798 /* Pods-On The Fly.release.xcconfig */;
			buildSettings = {
				ALWAYS_EMBED_SWIFT_STANDARD_LIBRARIES = YES;
				ASSETCATALOG_COMPILER_APPICON_NAME = AppIcon;
				CODE_SIGN_ENTITLEMENTS = "On The Fly/On The Fly.entitlements";
				DEVELOPMENT_TEAM = YBDBYTJ7R7;
				INFOPLIST_FILE = "On The Fly/Info.plist";
				LD_RUNPATH_SEARCH_PATHS = "$(inherited) @executable_path/Frameworks";
				PRODUCT_BUNDLE_IDENTIFIER = "edu.gatech.higgins.scott.On-The-Fly";
				PRODUCT_NAME = "$(TARGET_NAME)";
				SWIFT_VERSION = 3.0;
			};
			name = Release;
		};
		C3FF6FE31E306C0600C59DB3 /* Debug */ = {
			isa = XCBuildConfiguration;
			baseConfigurationReference = 608237907DEDBDD8574A8C35 /* Pods-On The FlyTests.debug.xcconfig */;
			buildSettings = {
				ALWAYS_EMBED_SWIFT_STANDARD_LIBRARIES = YES;
				BUNDLE_LOADER = "$(TEST_HOST)";
				DEVELOPMENT_TEAM = YBDBYTJ7R7;
				INFOPLIST_FILE = "On The FlyTests/Info.plist";
				LD_RUNPATH_SEARCH_PATHS = "$(inherited) @executable_path/Frameworks @loader_path/Frameworks";
				PRODUCT_BUNDLE_IDENTIFIER = "edu.gatech.higgins.scott.On-The-FlyTests";
				PRODUCT_NAME = "$(TARGET_NAME)";
				SWIFT_VERSION = 3.0;
				TEST_HOST = "$(BUILT_PRODUCTS_DIR)/On The Fly.app/On The Fly";
			};
			name = Debug;
		};
		C3FF6FE41E306C0600C59DB3 /* Release */ = {
			isa = XCBuildConfiguration;
			baseConfigurationReference = 660F8162DFF2E91AB7A2DDB4 /* Pods-On The FlyTests.release.xcconfig */;
			buildSettings = {
				ALWAYS_EMBED_SWIFT_STANDARD_LIBRARIES = YES;
				BUNDLE_LOADER = "$(TEST_HOST)";
				DEVELOPMENT_TEAM = YBDBYTJ7R7;
				INFOPLIST_FILE = "On The FlyTests/Info.plist";
				LD_RUNPATH_SEARCH_PATHS = "$(inherited) @executable_path/Frameworks @loader_path/Frameworks";
				PRODUCT_BUNDLE_IDENTIFIER = "edu.gatech.higgins.scott.On-The-FlyTests";
				PRODUCT_NAME = "$(TARGET_NAME)";
				SWIFT_VERSION = 3.0;
				TEST_HOST = "$(BUILT_PRODUCTS_DIR)/On The Fly.app/On The Fly";
			};
			name = Release;
		};
		C3FF6FE61E306C0600C59DB3 /* Debug */ = {
			isa = XCBuildConfiguration;
			baseConfigurationReference = C3A0A3FA66C71C7A5463191C /* Pods-On The FlyUITests.debug.xcconfig */;
			buildSettings = {
				ALWAYS_EMBED_SWIFT_STANDARD_LIBRARIES = YES;
				DEVELOPMENT_TEAM = YBDBYTJ7R7;
				INFOPLIST_FILE = "On The FlyUITests/Info.plist";
				LD_RUNPATH_SEARCH_PATHS = "$(inherited) @executable_path/Frameworks @loader_path/Frameworks";
				PRODUCT_BUNDLE_IDENTIFIER = "edu.gatech.higgins.scott.On-The-FlyUITests";
				PRODUCT_NAME = "$(TARGET_NAME)";
				SWIFT_VERSION = 3.0;
				TEST_TARGET_NAME = "On The Fly";
			};
			name = Debug;
		};
		C3FF6FE71E306C0600C59DB3 /* Release */ = {
			isa = XCBuildConfiguration;
			baseConfigurationReference = 4B554A63B275495C8AB9707B /* Pods-On The FlyUITests.release.xcconfig */;
			buildSettings = {
				ALWAYS_EMBED_SWIFT_STANDARD_LIBRARIES = YES;
				DEVELOPMENT_TEAM = YBDBYTJ7R7;
				INFOPLIST_FILE = "On The FlyUITests/Info.plist";
				LD_RUNPATH_SEARCH_PATHS = "$(inherited) @executable_path/Frameworks @loader_path/Frameworks";
				PRODUCT_BUNDLE_IDENTIFIER = "edu.gatech.higgins.scott.On-The-FlyUITests";
				PRODUCT_NAME = "$(TARGET_NAME)";
				SWIFT_VERSION = 3.0;
				TEST_TARGET_NAME = "On The Fly";
			};
			name = Release;
		};
/* End XCBuildConfiguration section */

/* Begin XCConfigurationList section */
		C3FF6FB21E306C0600C59DB3 /* Build configuration list for PBXProject "On The Fly" */ = {
			isa = XCConfigurationList;
			buildConfigurations = (
				C3FF6FDD1E306C0600C59DB3 /* Debug */,
				C3FF6FDE1E306C0600C59DB3 /* Release */,
			);
			defaultConfigurationIsVisible = 0;
			defaultConfigurationName = Release;
		};
		C3FF6FDF1E306C0600C59DB3 /* Build configuration list for PBXNativeTarget "On The Fly" */ = {
			isa = XCConfigurationList;
			buildConfigurations = (
				C3FF6FE01E306C0600C59DB3 /* Debug */,
				C3FF6FE11E306C0600C59DB3 /* Release */,
			);
			defaultConfigurationIsVisible = 0;
			defaultConfigurationName = Release;
		};
		C3FF6FE21E306C0600C59DB3 /* Build configuration list for PBXNativeTarget "On The FlyTests" */ = {
			isa = XCConfigurationList;
			buildConfigurations = (
				C3FF6FE31E306C0600C59DB3 /* Debug */,
				C3FF6FE41E306C0600C59DB3 /* Release */,
			);
			defaultConfigurationIsVisible = 0;
			defaultConfigurationName = Release;
		};
		C3FF6FE51E306C0600C59DB3 /* Build configuration list for PBXNativeTarget "On The FlyUITests" */ = {
			isa = XCConfigurationList;
			buildConfigurations = (
				C3FF6FE61E306C0600C59DB3 /* Debug */,
				C3FF6FE71E306C0600C59DB3 /* Release */,
			);
			defaultConfigurationIsVisible = 0;
			defaultConfigurationName = Release;
		};
/* End XCConfigurationList section */
	};
	rootObject = C3FF6FAF1E306C0600C59DB3 /* Project object */;
}
